<?xml version="1.0" encoding="utf-8"?>
<Project ToolsVersion="4.0" xmlns="http://schemas.microsoft.com/developer/msbuild/2003">
  <ItemGroup>
    <Filter Include="Source Files">
      <UniqueIdentifier>{4FC737F1-C7A5-4376-A066-2A32D752A2FF}</UniqueIdentifier>
      <Extensions>cpp;c;cc;cxx;def;odl;idl;hpj;bat;asm;asmx</Extensions>
    </Filter>
    <Filter Include="Header Files">
      <UniqueIdentifier>{93995380-89BD-4b04-88EB-625FBE52EBFB}</UniqueIdentifier>
      <Extensions>h;hh;hpp;hxx;hm;inl;inc;ipp;xsd</Extensions>
    </Filter>
    <Filter Include="Resource Files">
      <UniqueIdentifier>{67DA6AB6-F800-4c08-8B7A-83BB121AAD01}</UniqueIdentifier>
      <Extensions>rc;ico;cur;bmp;dlg;rc2;rct;bin;rgs;gif;jpg;jpeg;jpe;resx;tiff;tif;png;wav;mfcribbon-ms</Extensions>
    </Filter>
  </ItemGroup>
  <ItemGroup>
    <ClCompile Include="Source\Main.cpp">
      <Filter>Source Files</Filter>
    </ClCompile>
    <ClCompile Include="glad_src\gl.c">
      <Filter>Source Files</Filter>
    </ClCompile>
    <ClCompile Include="Source\vertexData.cpp">
      <Filter>Source Files</Filter>
    </ClCompile>
    <ClCompile Include="Source\convertToFloat.cpp">
      <Filter>Source Files</Filter>
    </ClCompile>
    <ClCompile Include="Source\gravityEngine.cpp">
      <Filter>Source Files</Filter>
    </ClCompile>
    <ClCompile Include="Source\model.cpp">
      <Filter>Source Files</Filter>
    </ClCompile>
    <ClCompile Include="Source\collisionEngine.cpp">
      <Filter>Source Files</Filter>
    </ClCompile>
    <ClCompile Include="Source\movementEngine.cpp">
      <Filter>Source Files</Filter>
    </ClCompile>
  </ItemGroup>
  <ItemGroup>
    <ClInclude Include="Source\shaderLoader.h">
      <Filter>Header Files</Filter>
    </ClInclude>
    <ClInclude Include="Source\vertexData.h">
      <Filter>Header Files</Filter>
    </ClInclude>
    <ClInclude Include="Source\convertToFloat.h">
      <Filter>Header Files</Filter>
    </ClInclude>
    <ClInclude Include="Source\loadFile.h">
      <Filter>Header Files</Filter>
    </ClInclude>
    <ClInclude Include="Source\gravityEngine.h">
      <Filter>Header Files</Filter>
    </ClInclude>
    <ClInclude Include="Source\model.h">
      <Filter>Header Files</Filter>
    </ClInclude>
    <ClInclude Include="Source\collisionEngine.h">
      <Filter>Header Files</Filter>
    </ClInclude>
    <ClInclude Include="Source\movementEngine.h">
      <Filter>Header Files</Filter>
    </ClInclude>
    <ClInclude Include="include\linmath.h">
      <Filter>Header Files</Filter>
    </ClInclude>
    <ClInclude Include="include\stb_image.h">
      <Filter>Header Files</Filter>
    </ClInclude>
    <ClInclude Include="include\json.hpp">
      <Filter>Header Files</Filter>
    </ClInclude>
    <ClInclude Include="Source\delay.h">
      <Filter>Header Files</Filter>
    </ClInclude>
  </ItemGroup>
  <ItemGroup>
    <None Include="Shaders\3.3.shader.vs" />
    <None Include="Shaders\3.3.shader.fs" />
    <None Include="models\snakeHead.md" />
    <None Include="models\square.json" />
    <None Include="models\circleR9.json" />
    <None Include="models\circleR50.json" />
    <None Include="models\circleRes20Rad10.json" />
    <None Include="models\circleRes40Rad100.json" />
    <None Include="models\circleRes1000Rad10.json" />
    <None Include="..\..\circleGenerator\circleGenerator\res3\circleRes3Rad100.json" />
    <None Include="models\circleRes3Rad10.json" />
    <None Include="models\circleRes3Rad100.json" />
    <None Include="models\spaceman.json" />
    <None Include="models\planet1.json" />
  </ItemGroup>
  <ItemGroup>
    <Image Include="textures\spaceman.png">
      <Filter>Resource Files</Filter>
    </Image>
    <Image Include="textures\awesomeface.png">
      <Filter>Resource Files</Filter>
    </Image>
    <Image Include="textures\planet1.png">
      <Filter>Resource Files</Filter>
    </Image>
  </ItemGroup>
</Project>